
Microsoft Visual Studio Solution File, Format Version 12.00
# Visual Studio 15
VisualStudioVersion = 15.0.26228.4
MinimumVisualStudioVersion = 10.0.40219.1
Project("{FAE04EC0-301F-11D3-BF4B-00C04F79EFBC}") = "DesignPattern1", "DesignPattern1\DesignPattern1.csproj", "{04685726-4FF8-4D0E-9BF9-A8E55ABFD5AE}"
EndProject
Project("{FAE04EC0-301F-11D3-BF4B-00C04F79EFBC}") = "AbsFac", "AbsFac\AbsFac.csproj", "{B845F05E-DEEE-421F-92A1-84BE8C179296}"
EndProject
Project("{FAE04EC0-301F-11D3-BF4B-00C04F79EFBC}") = "AbsFac1", "AbsFac1\AbsFac1.csproj", "{A296C47F-98D5-4F35-BAD4-D9AEE14F24F0}"
EndProject
Project("{FAE04EC0-301F-11D3-BF4B-00C04F79EFBC}") = "bwlms", "bwlms\bwlms.csproj", "{3F04D7A4-9811-4F76-BDBC-A3EA6241D782}"
EndProject
Project("{FAE04EC0-301F-11D3-BF4B-00C04F79EFBC}") = "bwlms1", "bwlms1\bwlms1.csproj", "{006FF103-3BA7-451D-A691-130A2FE701BC}"
EndProject
Project("{FAE04EC0-301F-11D3-BF4B-00C04F79EFBC}") = "bwlms2", "bwlms2\bwlms2.csproj", "{C765187D-D970-4C50-BC03-F6970618E88A}"
EndProject
Project("{FAE04EC0-301F-11D3-BF4B-00C04F79EFBC}") = "ddqms", "ddqms\ddqms.csproj", "{89F6BB73-B6DB-46F3-9BA8-2E71D6A11074}"
EndProject
Project("{FAE04EC0-301F-11D3-BF4B-00C04F79EFBC}") = "fwzms", "fwzms\fwzms.csproj", "{0E113F9A-DCE8-4ABB-B8D1-18175CE9093D}"
EndProject
Project("{FAE04EC0-301F-11D3-BF4B-00C04F79EFBC}") = "fwzms1", "fwzms1\fwzms1.csproj", "{4766AF13-CCB5-4996-815B-B09D17FE8D2B}"
EndProject
Project("{FAE04EC0-301F-11D3-BF4B-00C04F79EFBC}") = "gczms", "gczms\gczms.csproj", "{84DB12A9-9248-4A60-BD0D-7CC02DD4526B}"
EndProject
Project("{FAE04EC0-301F-11D3-BF4B-00C04F79EFBC}") = "gczms0", "gczms0\gczms0.csproj", "{06FB0E51-C401-44FC-9DD5-5987FDA85AE3}"
EndProject
Project("{FAE04EC0-301F-11D3-BF4B-00C04F79EFBC}") = "gczms1", "gczms1\gczms1.csproj", "{45C45786-7D20-4CE8-852E-BA49F59520A3}"
EndProject
Project("{FAE04EC0-301F-11D3-BF4B-00C04F79EFBC}") = "Itera", "Itera\Itera.csproj", "{D833FF8F-C203-4AF5-8362-A42A60ECD8E7}"
EndProject
Project("{FAE04EC0-301F-11D3-BF4B-00C04F79EFBC}") = "jsqms", "jsqms\jsqms.csproj", "{51F13E9C-1A3D-48EA-8E13-9DFEF621F700}"
EndProject
Project("{FAE04EC0-301F-11D3-BF4B-00C04F79EFBC}") = "jsqms1", "jsqms1\jsqms1.csproj", "{81AF7DE7-32F7-46DA-83A9-9359B8F46A15}"
EndProject
Project("{FAE04EC0-301F-11D3-BF4B-00C04F79EFBC}") = "jzzms", "jzzms\jzzms.csproj", "{F814ECB5-C61F-4314-9796-96BD44D6D0D7}"
EndProject
Project("{FAE04EC0-301F-11D3-BF4B-00C04F79EFBC}") = "mlms", "mlms\mlms.csproj", "{50F7D389-CD56-48AA-B5B1-5D7FE15EBAD3}"
EndProject
Project("{FAE04EC0-301F-11D3-BF4B-00C04F79EFBC}") = "mlms1", "mlms1\mlms1.csproj", "{2B1B8383-DBB4-4172-A095-CD4374DC456A}"
EndProject
Project("{FAE04EC0-301F-11D3-BF4B-00C04F79EFBC}") = "mlms2", "mlms2\mlms2.csproj", "{FB98C0A0-9054-4D40-8930-E46F86EA6B71}"
EndProject
Project("{FAE04EC0-301F-11D3-BF4B-00C04F79EFBC}") = "qjms", "qjms\qjms.csproj", "{53AC2977-7539-4C78-8EB3-6DB67D0B13BC}"
EndProject
Project("{FAE04EC0-301F-11D3-BF4B-00C04F79EFBC}") = "qjms1", "qjms1\qjms1.csproj", "{F1C1B1F2-4A8F-4A7D-9252-71DFC8FF61E7}"
EndProject
Project("{FAE04EC0-301F-11D3-BF4B-00C04F79EFBC}") = "spqms", "spqms\spqms.csproj", "{7BA20620-57C3-4B44-85D8-FF41C72524C3}"
EndProject
Project("{FAE04EC0-301F-11D3-BF4B-00C04F79EFBC}") = "spqms1", "spqms1\spqms1.csproj", "{BF3B5CB6-CF71-47FB-B953-5B34FBF20F67}"
EndProject
Project("{FAE04EC0-301F-11D3-BF4B-00C04F79EFBC}") = "spqms2", "spqms2\spqms2.csproj", "{79D6A302-AFEB-48C1-9C7D-6FABB675162A}"
EndProject
Project("{FAE04EC0-301F-11D3-BF4B-00C04F79EFBC}") = "xyms", "xyms\xyms.csproj", "{E9A5A385-C255-45C2-91B4-11B083BEE95A}"
EndProject
Project("{FAE04EC0-301F-11D3-BF4B-00C04F79EFBC}") = "xyms1", "xyms1\xyms1.csproj", "{254CDE8C-1C1A-4D86-ADB5-4540523E8A05}"
EndProject
Project("{FAE04EC0-301F-11D3-BF4B-00C04F79EFBC}") = "yxms", "yxms\yxms.csproj", "{F0FEDB77-F8C0-47E7-A6C2-7FFEA5432CCA}"
EndProject
Project("{FAE04EC0-301F-11D3-BF4B-00C04F79EFBC}") = "zhms", "zhms\zhms.csproj", "{43EA5FB8-D889-4B7A-9D6D-F9D9E3F139CA}"
EndProject
Project("{FAE04EC0-301F-11D3-BF4B-00C04F79EFBC}") = "zhms1", "zhms1\zhms1.csproj", "{5243C6AC-1AD2-48E0-A032-A817C072631A}"
EndProject
Project("{FAE04EC0-301F-11D3-BF4B-00C04F79EFBC}") = "zhms2", "zhms2\zhms2.csproj", "{F9D46188-183A-4F4E-8D23-4E2D6B7C6FAF}"
EndProject
Project("{FAE04EC0-301F-11D3-BF4B-00C04F79EFBC}") = "zjzms1", "zjzms1\zjzms1.csproj", "{54D43430-587B-4489-9024-B524E3AC1053}"
EndProject
Project("{FAE04EC0-301F-11D3-BF4B-00C04F79EFBC}") = "zsms", "zsms\zsms.csproj", "{569C5B17-CA37-4609-8DDC-804FE34E6372}"
EndProject
Project("{FAE04EC0-301F-11D3-BF4B-00C04F79EFBC}") = "ztms", "ztms\ztms.csproj", "{931418B2-5A57-4CDC-9701-3A77D5E4F03A}"
EndProject
Project("{FAE04EC0-301F-11D3-BF4B-00C04F79EFBC}") = "ztms1", "ztms1\ztms1.csproj", "{7A5C36B3-EE43-44E2-A87B-AF61DE6748CC}"
EndProject
Project("{FAE04EC0-301F-11D3-BF4B-00C04F79EFBC}") = "ztms2", "ztms2\ztms2.csproj", "{B74331FE-B7CA-4E13-B0C3-890AD65EAE36}"
EndProject
Project("{FAE04EC0-301F-11D3-BF4B-00C04F79EFBC}") = "zzlms", "zzlms\zzlms.csproj", "{363CB485-CCB2-4D7B-A3E5-53F7845C4CCF}"
EndProject
Project("{FAE04EC0-301F-11D3-BF4B-00C04F79EFBC}") = "Itera1", "Itera1\Itera1.csproj", "{08486316-C5BC-49D1-BA70-981D5441D7E9}"
EndProject
Project("{FAE04EC0-301F-11D3-BF4B-00C04F79EFBC}") = "dlms", "dlms\dlms.csproj", "{6D019D33-240B-4F45-9F2E-D3264E41B8EC}"
EndProject
Project("{FAE04EC0-301F-11D3-BF4B-00C04F79EFBC}") = "qjms2", "qjms2\qjms2.csproj", "{6232491B-07EC-4D5F-A55F-483C82B65753}"
EndProject
Project("{FAE04EC0-301F-11D3-BF4B-00C04F79EFBC}") = "qjms3", "qjms3\qjms3.csproj", "{23AECE22-AA12-4BA6-988C-1BAA3857C3DF}"
EndProject
Project("{FAE04EC0-301F-11D3-BF4B-00C04F79EFBC}") = "mlms3", "mlms3\mlms3.csproj", "{2DB13CAB-4326-4A9C-BD80-3C5893BDC084}"
EndProject
Project("{FAE04EC0-301F-11D3-BF4B-00C04F79EFBC}") = "zzlms1", "zzlms1\zzlms1.csproj", "{09B3BA79-2CA9-4758-95D9-AC00DADC8362}"
EndProject
Project("{FAE04EC0-301F-11D3-BF4B-00C04F79EFBC}") = "zjzms", "zjzms\zjzms.csproj", "{E8A399E9-8B5F-4A85-A07B-FFBA1E58F5F7}"
EndProject
Project("{FAE04EC0-301F-11D3-BF4B-00C04F79EFBC}") = "xyms2", "xyms2\xyms2.csproj", "{9CA04E7C-9046-4F8B-95D3-B70D470190E8}"
EndProject
Project("{FAE04EC0-301F-11D3-BF4B-00C04F79EFBC}") = "jsqms2", "jsqms2\jsqms2.csproj", "{51045C16-624F-4837-9AA7-CD4996C1CD57}"
EndProject
Project("{FAE04EC0-301F-11D3-BF4B-00C04F79EFBC}") = "fwzms2", "fwzms2\fwzms2.csproj", "{11B026FE-B630-42B0-B8CA-025AC38BC6E4}"
EndProject
Global
	GlobalSection(SolutionConfigurationPlatforms) = preSolution
		Debug|Any CPU = Debug|Any CPU
		Release|Any CPU = Release|Any CPU
	EndGlobalSection
	GlobalSection(ProjectConfigurationPlatforms) = postSolution
		{04685726-4FF8-4D0E-9BF9-A8E55ABFD5AE}.Debug|Any CPU.ActiveCfg = Debug|Any CPU
		{04685726-4FF8-4D0E-9BF9-A8E55ABFD5AE}.Debug|Any CPU.Build.0 = Debug|Any CPU
		{04685726-4FF8-4D0E-9BF9-A8E55ABFD5AE}.Release|Any CPU.ActiveCfg = Release|Any CPU
		{04685726-4FF8-4D0E-9BF9-A8E55ABFD5AE}.Release|Any CPU.Build.0 = Release|Any CPU
		{B845F05E-DEEE-421F-92A1-84BE8C179296}.Debug|Any CPU.ActiveCfg = Debug|Any CPU
		{B845F05E-DEEE-421F-92A1-84BE8C179296}.Debug|Any CPU.Build.0 = Debug|Any CPU
		{B845F05E-DEEE-421F-92A1-84BE8C179296}.Release|Any CPU.ActiveCfg = Release|Any CPU
		{B845F05E-DEEE-421F-92A1-84BE8C179296}.Release|Any CPU.Build.0 = Release|Any CPU
		{A296C47F-98D5-4F35-BAD4-D9AEE14F24F0}.Debug|Any CPU.ActiveCfg = Debug|Any CPU
		{A296C47F-98D5-4F35-BAD4-D9AEE14F24F0}.Debug|Any CPU.Build.0 = Debug|Any CPU
		{A296C47F-98D5-4F35-BAD4-D9AEE14F24F0}.Release|Any CPU.ActiveCfg = Release|Any CPU
		{A296C47F-98D5-4F35-BAD4-D9AEE14F24F0}.Release|Any CPU.Build.0 = Release|Any CPU
		{3F04D7A4-9811-4F76-BDBC-A3EA6241D782}.Debug|Any CPU.ActiveCfg = Debug|Any CPU
		{3F04D7A4-9811-4F76-BDBC-A3EA6241D782}.Debug|Any CPU.Build.0 = Debug|Any CPU
		{3F04D7A4-9811-4F76-BDBC-A3EA6241D782}.Release|Any CPU.ActiveCfg = Release|Any CPU
		{3F04D7A4-9811-4F76-BDBC-A3EA6241D782}.Release|Any CPU.Build.0 = Release|Any CPU
		{006FF103-3BA7-451D-A691-130A2FE701BC}.Debug|Any CPU.ActiveCfg = Debug|Any CPU
		{006FF103-3BA7-451D-A691-130A2FE701BC}.Debug|Any CPU.Build.0 = Debug|Any CPU
		{006FF103-3BA7-451D-A691-130A2FE701BC}.Release|Any CPU.ActiveCfg = Release|Any CPU
		{006FF103-3BA7-451D-A691-130A2FE701BC}.Release|Any CPU.Build.0 = Release|Any CPU
		{C765187D-D970-4C50-BC03-F6970618E88A}.Debug|Any CPU.ActiveCfg = Debug|Any CPU
		{C765187D-D970-4C50-BC03-F6970618E88A}.Debug|Any CPU.Build.0 = Debug|Any CPU
		{C765187D-D970-4C50-BC03-F6970618E88A}.Release|Any CPU.ActiveCfg = Release|Any CPU
		{C765187D-D970-4C50-BC03-F6970618E88A}.Release|Any CPU.Build.0 = Release|Any CPU
		{89F6BB73-B6DB-46F3-9BA8-2E71D6A11074}.Debug|Any CPU.ActiveCfg = Debug|Any CPU
		{89F6BB73-B6DB-46F3-9BA8-2E71D6A11074}.Debug|Any CPU.Build.0 = Debug|Any CPU
		{89F6BB73-B6DB-46F3-9BA8-2E71D6A11074}.Release|Any CPU.ActiveCfg = Release|Any CPU
		{89F6BB73-B6DB-46F3-9BA8-2E71D6A11074}.Release|Any CPU.Build.0 = Release|Any CPU
		{0E113F9A-DCE8-4ABB-B8D1-18175CE9093D}.Debug|Any CPU.ActiveCfg = Debug|Any CPU
		{0E113F9A-DCE8-4ABB-B8D1-18175CE9093D}.Debug|Any CPU.Build.0 = Debug|Any CPU
		{0E113F9A-DCE8-4ABB-B8D1-18175CE9093D}.Release|Any CPU.ActiveCfg = Release|Any CPU
		{0E113F9A-DCE8-4ABB-B8D1-18175CE9093D}.Release|Any CPU.Build.0 = Release|Any CPU
		{4766AF13-CCB5-4996-815B-B09D17FE8D2B}.Debug|Any CPU.ActiveCfg = Debug|Any CPU
		{4766AF13-CCB5-4996-815B-B09D17FE8D2B}.Debug|Any CPU.Build.0 = Debug|Any CPU
		{4766AF13-CCB5-4996-815B-B09D17FE8D2B}.Release|Any CPU.ActiveCfg = Release|Any CPU
		{4766AF13-CCB5-4996-815B-B09D17FE8D2B}.Release|Any CPU.Build.0 = Release|Any CPU
		{84DB12A9-9248-4A60-BD0D-7CC02DD4526B}.Debug|Any CPU.ActiveCfg = Debug|Any CPU
		{84DB12A9-9248-4A60-BD0D-7CC02DD4526B}.Debug|Any CPU.Build.0 = Debug|Any CPU
		{84DB12A9-9248-4A60-BD0D-7CC02DD4526B}.Release|Any CPU.ActiveCfg = Release|Any CPU
		{84DB12A9-9248-4A60-BD0D-7CC02DD4526B}.Release|Any CPU.Build.0 = Release|Any CPU
		{06FB0E51-C401-44FC-9DD5-5987FDA85AE3}.Debug|Any CPU.ActiveCfg = Debug|Any CPU
		{06FB0E51-C401-44FC-9DD5-5987FDA85AE3}.Debug|Any CPU.Build.0 = Debug|Any CPU
		{06FB0E51-C401-44FC-9DD5-5987FDA85AE3}.Release|Any CPU.ActiveCfg = Release|Any CPU
		{06FB0E51-C401-44FC-9DD5-5987FDA85AE3}.Release|Any CPU.Build.0 = Release|Any CPU
		{45C45786-7D20-4CE8-852E-BA49F59520A3}.Debug|Any CPU.ActiveCfg = Debug|Any CPU
		{45C45786-7D20-4CE8-852E-BA49F59520A3}.Debug|Any CPU.Build.0 = Debug|Any CPU
		{45C45786-7D20-4CE8-852E-BA49F59520A3}.Release|Any CPU.ActiveCfg = Release|Any CPU
		{45C45786-7D20-4CE8-852E-BA49F59520A3}.Release|Any CPU.Build.0 = Release|Any CPU
		{D833FF8F-C203-4AF5-8362-A42A60ECD8E7}.Debug|Any CPU.ActiveCfg = Debug|Any CPU
		{D833FF8F-C203-4AF5-8362-A42A60ECD8E7}.Debug|Any CPU.Build.0 = Debug|Any CPU
		{D833FF8F-C203-4AF5-8362-A42A60ECD8E7}.Release|Any CPU.ActiveCfg = Release|Any CPU
		{D833FF8F-C203-4AF5-8362-A42A60ECD8E7}.Release|Any CPU.Build.0 = Release|Any CPU
		{51F13E9C-1A3D-48EA-8E13-9DFEF621F700}.Debug|Any CPU.ActiveCfg = Debug|Any CPU
		{51F13E9C-1A3D-48EA-8E13-9DFEF621F700}.Debug|Any CPU.Build.0 = Debug|Any CPU
		{51F13E9C-1A3D-48EA-8E13-9DFEF621F700}.Release|Any CPU.ActiveCfg = Release|Any CPU
		{51F13E9C-1A3D-48EA-8E13-9DFEF621F700}.Release|Any CPU.Build.0 = Release|Any CPU
		{81AF7DE7-32F7-46DA-83A9-9359B8F46A15}.Debug|Any CPU.ActiveCfg = Debug|Any CPU
		{81AF7DE7-32F7-46DA-83A9-9359B8F46A15}.Debug|Any CPU.Build.0 = Debug|Any CPU
		{81AF7DE7-32F7-46DA-83A9-9359B8F46A15}.Release|Any CPU.ActiveCfg = Release|Any CPU
		{81AF7DE7-32F7-46DA-83A9-9359B8F46A15}.Release|Any CPU.Build.0 = Release|Any CPU
		{F814ECB5-C61F-4314-9796-96BD44D6D0D7}.Debug|Any CPU.ActiveCfg = Debug|Any CPU
		{F814ECB5-C61F-4314-9796-96BD44D6D0D7}.Debug|Any CPU.Build.0 = Debug|Any CPU
		{F814ECB5-C61F-4314-9796-96BD44D6D0D7}.Release|Any CPU.ActiveCfg = Release|Any CPU
		{F814ECB5-C61F-4314-9796-96BD44D6D0D7}.Release|Any CPU.Build.0 = Release|Any CPU
		{50F7D389-CD56-48AA-B5B1-5D7FE15EBAD3}.Debug|Any CPU.ActiveCfg = Debug|Any CPU
		{50F7D389-CD56-48AA-B5B1-5D7FE15EBAD3}.Debug|Any CPU.Build.0 = Debug|Any CPU
		{50F7D389-CD56-48AA-B5B1-5D7FE15EBAD3}.Release|Any CPU.ActiveCfg = Release|Any CPU
		{50F7D389-CD56-48AA-B5B1-5D7FE15EBAD3}.Release|Any CPU.Build.0 = Release|Any CPU
		{2B1B8383-DBB4-4172-A095-CD4374DC456A}.Debug|Any CPU.ActiveCfg = Debug|Any CPU
		{2B1B8383-DBB4-4172-A095-CD4374DC456A}.Debug|Any CPU.Build.0 = Debug|Any CPU
		{2B1B8383-DBB4-4172-A095-CD4374DC456A}.Release|Any CPU.ActiveCfg = Release|Any CPU
		{2B1B8383-DBB4-4172-A095-CD4374DC456A}.Release|Any CPU.Build.0 = Release|Any CPU
		{FB98C0A0-9054-4D40-8930-E46F86EA6B71}.Debug|Any CPU.ActiveCfg = Debug|Any CPU
		{FB98C0A0-9054-4D40-8930-E46F86EA6B71}.Debug|Any CPU.Build.0 = Debug|Any CPU
		{FB98C0A0-9054-4D40-8930-E46F86EA6B71}.Release|Any CPU.ActiveCfg = Release|Any CPU
		{FB98C0A0-9054-4D40-8930-E46F86EA6B71}.Release|Any CPU.Build.0 = Release|Any CPU
		{53AC2977-7539-4C78-8EB3-6DB67D0B13BC}.Debug|Any CPU.ActiveCfg = Debug|Any CPU
		{53AC2977-7539-4C78-8EB3-6DB67D0B13BC}.Debug|Any CPU.Build.0 = Debug|Any CPU
		{53AC2977-7539-4C78-8EB3-6DB67D0B13BC}.Release|Any CPU.ActiveCfg = Release|Any CPU
		{53AC2977-7539-4C78-8EB3-6DB67D0B13BC}.Release|Any CPU.Build.0 = Release|Any CPU
		{F1C1B1F2-4A8F-4A7D-9252-71DFC8FF61E7}.Debug|Any CPU.ActiveCfg = Debug|Any CPU
		{F1C1B1F2-4A8F-4A7D-9252-71DFC8FF61E7}.Debug|Any CPU.Build.0 = Debug|Any CPU
		{F1C1B1F2-4A8F-4A7D-9252-71DFC8FF61E7}.Release|Any CPU.ActiveCfg = Release|Any CPU
		{F1C1B1F2-4A8F-4A7D-9252-71DFC8FF61E7}.Release|Any CPU.Build.0 = Release|Any CPU
		{7BA20620-57C3-4B44-85D8-FF41C72524C3}.Debug|Any CPU.ActiveCfg = Debug|Any CPU
		{7BA20620-57C3-4B44-85D8-FF41C72524C3}.Debug|Any CPU.Build.0 = Debug|Any CPU
		{7BA20620-57C3-4B44-85D8-FF41C72524C3}.Release|Any CPU.ActiveCfg = Release|Any CPU
		{7BA20620-57C3-4B44-85D8-FF41C72524C3}.Release|Any CPU.Build.0 = Release|Any CPU
		{BF3B5CB6-CF71-47FB-B953-5B34FBF20F67}.Debug|Any CPU.ActiveCfg = Debug|Any CPU
		{BF3B5CB6-CF71-47FB-B953-5B34FBF20F67}.Debug|Any CPU.Build.0 = Debug|Any CPU
		{BF3B5CB6-CF71-47FB-B953-5B34FBF20F67}.Release|Any CPU.ActiveCfg = Release|Any CPU
		{BF3B5CB6-CF71-47FB-B953-5B34FBF20F67}.Release|Any CPU.Build.0 = Release|Any CPU
		{79D6A302-AFEB-48C1-9C7D-6FABB675162A}.Debug|Any CPU.ActiveCfg = Debug|Any CPU
		{79D6A302-AFEB-48C1-9C7D-6FABB675162A}.Debug|Any CPU.Build.0 = Debug|Any CPU
		{79D6A302-AFEB-48C1-9C7D-6FABB675162A}.Release|Any CPU.ActiveCfg = Release|Any CPU
		{79D6A302-AFEB-48C1-9C7D-6FABB675162A}.Release|Any CPU.Build.0 = Release|Any CPU
		{E9A5A385-C255-45C2-91B4-11B083BEE95A}.Debug|Any CPU.ActiveCfg = Debug|Any CPU
		{E9A5A385-C255-45C2-91B4-11B083BEE95A}.Debug|Any CPU.Build.0 = Debug|Any CPU
		{E9A5A385-C255-45C2-91B4-11B083BEE95A}.Release|Any CPU.ActiveCfg = Release|Any CPU
		{E9A5A385-C255-45C2-91B4-11B083BEE95A}.Release|Any CPU.Build.0 = Release|Any CPU
		{254CDE8C-1C1A-4D86-ADB5-4540523E8A05}.Debug|Any CPU.ActiveCfg = Debug|Any CPU
		{254CDE8C-1C1A-4D86-ADB5-4540523E8A05}.Debug|Any CPU.Build.0 = Debug|Any CPU
		{254CDE8C-1C1A-4D86-ADB5-4540523E8A05}.Release|Any CPU.ActiveCfg = Release|Any CPU
		{254CDE8C-1C1A-4D86-ADB5-4540523E8A05}.Release|Any CPU.Build.0 = Release|Any CPU
		{F0FEDB77-F8C0-47E7-A6C2-7FFEA5432CCA}.Debug|Any CPU.ActiveCfg = Debug|Any CPU
		{F0FEDB77-F8C0-47E7-A6C2-7FFEA5432CCA}.Debug|Any CPU.Build.0 = Debug|Any CPU
		{F0FEDB77-F8C0-47E7-A6C2-7FFEA5432CCA}.Release|Any CPU.ActiveCfg = Release|Any CPU
		{F0FEDB77-F8C0-47E7-A6C2-7FFEA5432CCA}.Release|Any CPU.Build.0 = Release|Any CPU
		{43EA5FB8-D889-4B7A-9D6D-F9D9E3F139CA}.Debug|Any CPU.ActiveCfg = Debug|Any CPU
		{43EA5FB8-D889-4B7A-9D6D-F9D9E3F139CA}.Debug|Any CPU.Build.0 = Debug|Any CPU
		{43EA5FB8-D889-4B7A-9D6D-F9D9E3F139CA}.Release|Any CPU.ActiveCfg = Release|Any CPU
		{43EA5FB8-D889-4B7A-9D6D-F9D9E3F139CA}.Release|Any CPU.Build.0 = Release|Any CPU
		{5243C6AC-1AD2-48E0-A032-A817C072631A}.Debug|Any CPU.ActiveCfg = Debug|Any CPU
		{5243C6AC-1AD2-48E0-A032-A817C072631A}.Debug|Any CPU.Build.0 = Debug|Any CPU
		{5243C6AC-1AD2-48E0-A032-A817C072631A}.Release|Any CPU.ActiveCfg = Release|Any CPU
		{5243C6AC-1AD2-48E0-A032-A817C072631A}.Release|Any CPU.Build.0 = Release|Any CPU
		{F9D46188-183A-4F4E-8D23-4E2D6B7C6FAF}.Debug|Any CPU.ActiveCfg = Debug|Any CPU
		{F9D46188-183A-4F4E-8D23-4E2D6B7C6FAF}.Debug|Any CPU.Build.0 = Debug|Any CPU
		{F9D46188-183A-4F4E-8D23-4E2D6B7C6FAF}.Release|Any CPU.ActiveCfg = Release|Any CPU
		{F9D46188-183A-4F4E-8D23-4E2D6B7C6FAF}.Release|Any CPU.Build.0 = Release|Any CPU
		{54D43430-587B-4489-9024-B524E3AC1053}.Debug|Any CPU.ActiveCfg = Debug|Any CPU
		{54D43430-587B-4489-9024-B524E3AC1053}.Debug|Any CPU.Build.0 = Debug|Any CPU
		{54D43430-587B-4489-9024-B524E3AC1053}.Release|Any CPU.ActiveCfg = Release|Any CPU
		{54D43430-587B-4489-9024-B524E3AC1053}.Release|Any CPU.Build.0 = Release|Any CPU
		{569C5B17-CA37-4609-8DDC-804FE34E6372}.Debug|Any CPU.ActiveCfg = Debug|Any CPU
		{569C5B17-CA37-4609-8DDC-804FE34E6372}.Debug|Any CPU.Build.0 = Debug|Any CPU
		{569C5B17-CA37-4609-8DDC-804FE34E6372}.Release|Any CPU.ActiveCfg = Release|Any CPU
		{569C5B17-CA37-4609-8DDC-804FE34E6372}.Release|Any CPU.Build.0 = Release|Any CPU
		{931418B2-5A57-4CDC-9701-3A77D5E4F03A}.Debug|Any CPU.ActiveCfg = Debug|Any CPU
		{931418B2-5A57-4CDC-9701-3A77D5E4F03A}.Debug|Any CPU.Build.0 = Debug|Any CPU
		{931418B2-5A57-4CDC-9701-3A77D5E4F03A}.Release|Any CPU.ActiveCfg = Release|Any CPU
		{931418B2-5A57-4CDC-9701-3A77D5E4F03A}.Release|Any CPU.Build.0 = Release|Any CPU
		{7A5C36B3-EE43-44E2-A87B-AF61DE6748CC}.Debug|Any CPU.ActiveCfg = Debug|Any CPU
		{7A5C36B3-EE43-44E2-A87B-AF61DE6748CC}.Debug|Any CPU.Build.0 = Debug|Any CPU
		{7A5C36B3-EE43-44E2-A87B-AF61DE6748CC}.Release|Any CPU.ActiveCfg = Release|Any CPU
		{7A5C36B3-EE43-44E2-A87B-AF61DE6748CC}.Release|Any CPU.Build.0 = Release|Any CPU
		{B74331FE-B7CA-4E13-B0C3-890AD65EAE36}.Debug|Any CPU.ActiveCfg = Debug|Any CPU
		{B74331FE-B7CA-4E13-B0C3-890AD65EAE36}.Debug|Any CPU.Build.0 = Debug|Any CPU
		{B74331FE-B7CA-4E13-B0C3-890AD65EAE36}.Release|Any CPU.ActiveCfg = Release|Any CPU
		{B74331FE-B7CA-4E13-B0C3-890AD65EAE36}.Release|Any CPU.Build.0 = Release|Any CPU
		{363CB485-CCB2-4D7B-A3E5-53F7845C4CCF}.Debug|Any CPU.ActiveCfg = Debug|Any CPU
		{363CB485-CCB2-4D7B-A3E5-53F7845C4CCF}.Debug|Any CPU.Build.0 = Debug|Any CPU
		{363CB485-CCB2-4D7B-A3E5-53F7845C4CCF}.Release|Any CPU.ActiveCfg = Release|Any CPU
		{363CB485-CCB2-4D7B-A3E5-53F7845C4CCF}.Release|Any CPU.Build.0 = Release|Any CPU
		{08486316-C5BC-49D1-BA70-981D5441D7E9}.Debug|Any CPU.ActiveCfg = Debug|Any CPU
		{08486316-C5BC-49D1-BA70-981D5441D7E9}.Debug|Any CPU.Build.0 = Debug|Any CPU
		{08486316-C5BC-49D1-BA70-981D5441D7E9}.Release|Any CPU.ActiveCfg = Release|Any CPU
		{08486316-C5BC-49D1-BA70-981D5441D7E9}.Release|Any CPU.Build.0 = Release|Any CPU
		{6D019D33-240B-4F45-9F2E-D3264E41B8EC}.Debug|Any CPU.ActiveCfg = Debug|Any CPU
		{6D019D33-240B-4F45-9F2E-D3264E41B8EC}.Debug|Any CPU.Build.0 = Debug|Any CPU
		{6D019D33-240B-4F45-9F2E-D3264E41B8EC}.Release|Any CPU.ActiveCfg = Release|Any CPU
		{6D019D33-240B-4F45-9F2E-D3264E41B8EC}.Release|Any CPU.Build.0 = Release|Any CPU
		{6232491B-07EC-4D5F-A55F-483C82B65753}.Debug|Any CPU.ActiveCfg = Debug|Any CPU
		{6232491B-07EC-4D5F-A55F-483C82B65753}.Debug|Any CPU.Build.0 = Debug|Any CPU
		{6232491B-07EC-4D5F-A55F-483C82B65753}.Release|Any CPU.ActiveCfg = Release|Any CPU
		{6232491B-07EC-4D5F-A55F-483C82B65753}.Release|Any CPU.Build.0 = Release|Any CPU
		{23AECE22-AA12-4BA6-988C-1BAA3857C3DF}.Debug|Any CPU.ActiveCfg = Debug|Any CPU
		{23AECE22-AA12-4BA6-988C-1BAA3857C3DF}.Debug|Any CPU.Build.0 = Debug|Any CPU
		{23AECE22-AA12-4BA6-988C-1BAA3857C3DF}.Release|Any CPU.ActiveCfg = Release|Any CPU
		{23AECE22-AA12-4BA6-988C-1BAA3857C3DF}.Release|Any CPU.Build.0 = Release|Any CPU
		{2DB13CAB-4326-4A9C-BD80-3C5893BDC084}.Debug|Any CPU.ActiveCfg = Debug|Any CPU
		{2DB13CAB-4326-4A9C-BD80-3C5893BDC084}.Debug|Any CPU.Build.0 = Debug|Any CPU
		{2DB13CAB-4326-4A9C-BD80-3C5893BDC084}.Release|Any CPU.ActiveCfg = Release|Any CPU
		{2DB13CAB-4326-4A9C-BD80-3C5893BDC084}.Release|Any CPU.Build.0 = Release|Any CPU
		{09B3BA79-2CA9-4758-95D9-AC00DADC8362}.Debug|Any CPU.ActiveCfg = Debug|Any CPU
		{09B3BA79-2CA9-4758-95D9-AC00DADC8362}.Debug|Any CPU.Build.0 = Debug|Any CPU
		{09B3BA79-2CA9-4758-95D9-AC00DADC8362}.Release|Any CPU.ActiveCfg = Release|Any CPU
		{09B3BA79-2CA9-4758-95D9-AC00DADC8362}.Release|Any CPU.Build.0 = Release|Any CPU
		{E8A399E9-8B5F-4A85-A07B-FFBA1E58F5F7}.Debug|Any CPU.ActiveCfg = Debug|Any CPU
		{E8A399E9-8B5F-4A85-A07B-FFBA1E58F5F7}.Debug|Any CPU.Build.0 = Debug|Any CPU
		{E8A399E9-8B5F-4A85-A07B-FFBA1E58F5F7}.Release|Any CPU.ActiveCfg = Release|Any CPU
		{E8A399E9-8B5F-4A85-A07B-FFBA1E58F5F7}.Release|Any CPU.Build.0 = Release|Any CPU
		{9CA04E7C-9046-4F8B-95D3-B70D470190E8}.Debug|Any CPU.ActiveCfg = Debug|Any CPU
		{9CA04E7C-9046-4F8B-95D3-B70D470190E8}.Debug|Any CPU.Build.0 = Debug|Any CPU
		{9CA04E7C-9046-4F8B-95D3-B70D470190E8}.Release|Any CPU.ActiveCfg = Release|Any CPU
		{9CA04E7C-9046-4F8B-95D3-B70D470190E8}.Release|Any CPU.Build.0 = Release|Any CPU
		{51045C16-624F-4837-9AA7-CD4996C1CD57}.Debug|Any CPU.ActiveCfg = Debug|Any CPU
		{51045C16-624F-4837-9AA7-CD4996C1CD57}.Debug|Any CPU.Build.0 = Debug|Any CPU
		{51045C16-624F-4837-9AA7-CD4996C1CD57}.Release|Any CPU.ActiveCfg = Release|Any CPU
		{51045C16-624F-4837-9AA7-CD4996C1CD57}.Release|Any CPU.Build.0 = Release|Any CPU
		{11B026FE-B630-42B0-B8CA-025AC38BC6E4}.Debug|Any CPU.ActiveCfg = Debug|Any CPU
		{11B026FE-B630-42B0-B8CA-025AC38BC6E4}.Debug|Any CPU.Build.0 = Debug|Any CPU
		{11B026FE-B630-42B0-B8CA-025AC38BC6E4}.Release|Any CPU.ActiveCfg = Release|Any CPU
		{11B026FE-B630-42B0-B8CA-025AC38BC6E4}.Release|Any CPU.Build.0 = Release|Any CPU
	EndGlobalSection
	GlobalSection(SolutionProperties) = preSolution
		HideSolutionNode = FALSE
	EndGlobalSection
EndGlobal
